
Microsoft Visual Studio Solution File, Format Version 11.00
# Visual C++ Express 2010
Project("{8BC9CEB8-8B4A-11D0-8D11-00A0C91BC942}") = "test1.10", "test1.10\test1.10.vcxproj", "{EE287F8B-9BE8-4724-89CE-A15B0267DDE4}"
EndProject
Global
	GlobalSection(SolutionConfigurationPlatforms) = preSolution
		Debug|Win32 = Debug|Win32
		Release|Win32 = Release|Win32
	EndGlobalSection
	GlobalSection(ProjectConfigurationPlatforms) = postSolution
		{EE287F8B-9BE8-4724-89CE-A15B0267DDE4}.Debug|Win32.ActiveCfg = Debug|Win32
		{EE287F8B-9BE8-4724-89CE-A15B0267DDE4}.Debug|Win32.Build.0 = Debug|Win32
		{EE287F8B-9BE8-4724-89CE-A15B0267DDE4}.Release|Win32.ActiveCfg = Release|Win32
		{EE287F8B-9BE8-4724-89CE-A15B0267DDE4}.Release|Win32.Build.0 = Release|Win32
	EndGlobalSection
	GlobalSection(SolutionProperties) = preSolution
		HideSolutionNode = FALSE
	EndGlobalSection
EndGlobal
